
Microsoft Visual Studio Solution File, Format Version 12.00
# Visual Studio Version 17
VisualStudioVersion = 17.3.32819.101
MinimumVisualStudioVersion = 10.0.40219.1
Project("{FAE04EC0-301F-11D3-BF4B-00C04F79EFBC}") = "ImageProcessor", "ImageProcessor\ImageProcessor.csproj", "{65435EC8-D632-47ED-A063-F952EA9D6F18}"
EndProject
Global
	GlobalSection(SolutionConfigurationPlatforms) = preSolution
		Debug|Any CPU = Debug|Any CPU
		Release|Any CPU = Release|Any CPU
	EndGlobalSection
	GlobalSection(ProjectConfigurationPlatforms) = postSolution
		{65435EC8-D632-47ED-A063-F952EA9D6F18}.Debug|Any CPU.ActiveCfg = Debug|Any CPU
		{65435EC8-D632-47ED-A063-F952EA9D6F18}.Debug|Any CPU.Build.0 = Debug|Any CPU
		{65435EC8-D632-47ED-A063-F952EA9D6F18}.Release|Any CPU.ActiveCfg = Release|Any CPU
		{65435EC8-D632-47ED-A063-F952EA9D6F18}.Release|Any CPU.Build.0 = Release|Any CPU
	EndGlobalSection
	GlobalSection(SolutionProperties) = preSolution
		HideSolutionNode = FALSE
	EndGlobalSection
	GlobalSection(ExtensibilityGlobals) = postSolution
		SolutionGuid = {493340A2-4B0E-4CE1-BEBB-507C8C39C719}
	EndGlobalSection
EndGlobal
